<?xml version="1.0" encoding="utf-8"?>
<Project ToolsVersion="4.0" xmlns="http://schemas.microsoft.com/developer/msbuild/2003">
  <ItemGroup>
    <Filter Include="Source Files">
      <UniqueIdentifier>{4FC737F1-C7A5-4376-A066-2A32D752A2FF}</UniqueIdentifier>
      <Extensions>cpp;c;cc;cxx;c++;cppm;ixx;def;odl;idl;hpj;bat;asm;asmx</Extensions>
    </Filter>
    <Filter Include="Header Files">
      <UniqueIdentifier>{93995380-89BD-4b04-88EB-625FBE52EBFB}</UniqueIdentifier>
      <Extensions>h;hh;hpp;hxx;h++;hm;inl;inc;ipp;xsd</Extensions>
    </Filter>
    <Filter Include="Resource Files">
      <UniqueIdentifier>{67DA6AB6-F800-4c08-8B7A-83BB121AAD01}</UniqueIdentifier>
      <Extensions>rc;ico;cur;bmp;dlg;rc2;rct;bin;rgs;gif;jpg;jpeg;jpe;resx;tiff;tif;png;wav;mfcribbon-ms</Extensions>
    </Filter>
    <Filter Include="Header Files\Rutas">
      <UniqueIdentifier>{ecbf064e-b30b-408c-b56b-11edbe8b0002}</UniqueIdentifier>
    </Filter>
  </ItemGroup>
  <ItemGroup>
    <ResourceCompile Include="app.rc">
      <Filter>Resource Files</Filter>
    </ResourceCompile>
  </ItemGroup>
  <ItemGroup>
    <ClInclude Include="Resource.h">
      <Filter>Header Files</Filter>
    </ClInclude>
    <ClInclude Include="pch.h">
      <Filter>Header Files</Filter>
    </ClInclude>
    <ClInclude Include="Form1.h">
      <Filter>Header Files</Filter>
    </ClInclude>
    <ClInclude Include="LoginCliente.h">
      <Filter>Header Files</Filter>
    </ClInclude>
    <ClInclude Include="RegistroClientes.h">
      <Filter>Header Files</Filter>
    </ClInclude>
    <ClInclude Include="CompraTicket.h">
      <Filter>Header Files</Filter>
    </ClInclude>
    <ClInclude Include="LoginEmpleados.h">
      <Filter>Header Files</Filter>
    </ClInclude>
    <ClInclude Include="MenuEmpleados.h">
      <Filter>Header Files</Filter>
    </ClInclude>
    <ClInclude Include="RegistroCompras.h">
      <Filter>Header Files</Filter>
    </ClInclude>
    <ClInclude Include="RegistroRutas.h">
      <Filter>Header Files</Filter>
    </ClInclude>
    <ClInclude Include="MySQLConnector.h">
      <Filter>Header Files</Filter>
    </ClInclude>
    <ClInclude Include="InsertarRutas.h">
      <Filter>Header Files\Rutas</Filter>
    </ClInclude>
    <ClInclude Include="EliminarRutas.h">
      <Filter>Header Files\Rutas</Filter>
    </ClInclude>
    <ClInclude Include="MostrarRutas.h">
      <Filter>Header Files\Rutas</Filter>
    </ClInclude>
    <ClInclude Include="CompraTicketClass.h">
      <Filter>Header Files</Filter>
    </ClInclude>
    <ClInclude Include="RutasParaClientes.h">
      <Filter>Header Files</Filter>
    </ClInclude>
  </ItemGroup>
  <ItemGroup>
    <ClCompile Include="CppCLR_WinFormsProject.cpp">
      <Filter>Source Files</Filter>
    </ClCompile>
    <ClCompile Include="AssemblyInfo.cpp">
      <Filter>Source Files</Filter>
    </ClCompile>
    <ClCompile Include="pch.cpp">
      <Filter>Source Files</Filter>
    </ClCompile>
    <ClCompile Include="Form1.cpp">
      <Filter>Source Files</Filter>
    </ClCompile>
    <ClCompile Include="InsertarRutas.cpp">
      <Filter>Header Files\Rutas</Filter>
    </ClCompile>
    <ClCompile Include="EliminarRutas.cpp">
      <Filter>Header Files\Rutas</Filter>
    </ClCompile>
    <ClCompile Include="MostrarRutas.cpp">
      <Filter>Header Files\Rutas</Filter>
    </ClCompile>
    <ClCompile Include="RutasParaClientes.cpp">
      <Filter>Source Files</Filter>
    </ClCompile>
    <ClCompile Include="RegistroRutas.cpp">
      <Filter>Source Files</Filter>
    </ClCompile>
    <ClCompile Include="RegistroClientes.cpp">
      <Filter>Source Files</Filter>
    </ClCompile>
    <ClCompile Include="RegistroCompras.cpp">
      <Filter>Source Files</Filter>
    </ClCompile>
    <ClCompile Include="MenuEmpleados.cpp">
      <Filter>Source Files</Filter>
    </ClCompile>
    <ClCompile Include="LoginCliente.cpp">
      <Filter>Source Files</Filter>
    </ClCompile>
    <ClCompile Include="LoginEmpleados.cpp">
      <Filter>Source Files</Filter>
    </ClCompile>
    <ClCompile Include="CompraTicket.cpp">
      <Filter>Source Files</Filter>
    </ClCompile>
  </ItemGroup>
  <ItemGroup>
    <Image Include="app.ico">
      <Filter>Resource Files</Filter>
    </Image>
  </ItemGroup>
</Project>